// !$*UTF8*$!
{
	archiveVersion = 1;
	classes = {
	};
	objectVersion = 48;
	objects = {

/* Begin PBXBuildFile section */
		3837BA3A1FFFC4CE00DF300E /* .framework in Frameworks */ = {isa = PBXBuildFile; fileRef = 3837BA311FFFC4CE00DF300E /* .framework */; };
		3837BA722003D26700DF300E /* .framework in Frameworks */ = {isa = PBXBuildFile; fileRef = 3837BA311FFFC4CE00DF300E /* .framework */; };
		3837BA732003D26700DF300E /* .framework in Embed Frameworks */ = {isa = PBXBuildFile; fileRef = 3837BA311FFFC4CE00DF300E /* .framework */; settings = {ATTRIBUTES = (CodeSignOnCopy, RemoveHeadersOnCopy, ); }; };
		385BDC17204FD964003B2689 /* AdvertisementViewController.swift in Sources */ = {isa = PBXBuildFile; fileRef = 385BDC15204FD961003B2689 /* AdvertisementViewController.swift */; };
		385BDC19204FD972003B2689 /* ConnectionViewController.swift in Sources */ = {isa = PBXBuildFile; fileRef = 385BDC18204FD972003B2689 /* ConnectionViewController.swift */; };
		38EBB9572052D0EF002797A1 /* Main.storyboard in Resources */ = {isa = PBXBuildFile; fileRef = 38EBB9552052CC2D002797A1 /* Main.storyboard */; };
		38FE6BE22006898800809A06 /* AppDelegate.swift in Sources */ = {isa = PBXBuildFile; fileRef = 38FE6BCA2006898100809A06 /* AppDelegate.swift */; };
		38FE6BE42006898F00809A06 /* Assets.xcassets in Resources */ = {isa = PBXBuildFile; fileRef = 38FE6BC62006898100809A06 /* Assets.xcassets */; };
		38FE6BE52006899300809A06 /* LaunchScreen.storyboard in Resources */ = {isa = PBXBuildFile; fileRef = 38FE6BC72006898100809A06 /* LaunchScreen.storyboard */; };
		3A369634210F1C4E007C62F1 /* CoreBluetooth.framework in Frameworks */ = {isa = PBXBuildFile; fileRef = 3A369633210F1C4E007C62F1 /* CoreBluetooth.framework */; };
		3A369636210F1C57007C62F1 /* XCTest.framework in Frameworks */ = {isa = PBXBuildFile; fileRef = 3A369635210F1C57007C62F1 /* XCTest.framework */; };
		92AD5AC925BE02EA00E0833D /* BlueSwift in Resources */ = {isa = PBXBuildFile; fileRef = 92AD5AC825BE02EA00E0833D /* BlueSwift */; };
/* End PBXBuildFile section */

/* Begin PBXContainerItemProxy section */
		3837BA3B1FFFC4CE00DF300E /* PBXContainerItemProxy */ = {
			isa = PBXContainerItemProxy;
			containerPortal = 3837BA031FFFC2FE00DF300E /* Project object */;
			proxyType = 1;
			remoteGlobalIDString = 3837BA301FFFC4CE00DF300E;
			remoteInfo = Framework;
		};
		3837BA682003BA4400DF300E /* PBXContainerItemProxy */ = {
			isa = PBXContainerItemProxy;
			containerPortal = 3837BA031FFFC2FE00DF300E /* Project object */;
			proxyType = 1;
			remoteGlobalIDString = 3837BA0A1FFFC2FE00DF300E;
			remoteInfo = Sample;
		};
		3837BA742003D26700DF300E /* PBXContainerItemProxy */ = {
			isa = PBXContainerItemProxy;
			containerPortal = 3837BA031FFFC2FE00DF300E /* Project object */;
			proxyType = 1;
			remoteGlobalIDString = 3837BA301FFFC4CE00DF300E;
			remoteInfo = Bluetooth;
		};
/* End PBXContainerItemProxy section */

/* Begin PBXCopyFilesBuildPhase section */
		3837BA762003D26700DF300E /* Embed Frameworks */ = {
			isa = PBXCopyFilesBuildPhase;
			buildActionMask = 2147483647;
			dstPath = "";
			dstSubfolderSpec = 10;
			files = (
				3837BA732003D26700DF300E /* .framework in Embed Frameworks */,
			);
			name = "Embed Frameworks";
			runOnlyForDeploymentPostprocessing = 0;
		};
/* End PBXCopyFilesBuildPhase section */

/* Begin PBXFileReference section */
		3837BA0B1FFFC2FE00DF300E /* .app */ = {isa = PBXFileReference; explicitFileType = wrapper.application; includeInIndex = 0; path = .app; sourceTree = BUILT_PRODUCTS_DIR; };
		3837BA311FFFC4CE00DF300E /* .framework */ = {isa = PBXFileReference; explicitFileType = wrapper.framework; includeInIndex = 0; path = .framework; sourceTree = BUILT_PRODUCTS_DIR; };
		3837BA391FFFC4CE00DF300E /* .xctest */ = {isa = PBXFileReference; explicitFileType = wrapper.cfbundle; includeInIndex = 0; path = .xctest; sourceTree = BUILT_PRODUCTS_DIR; };
		385BDC15204FD961003B2689 /* AdvertisementViewController.swift */ = {isa = PBXFileReference; lastKnownFileType = sourcecode.swift; path = AdvertisementViewController.swift; sourceTree = "<group>"; };
		385BDC18204FD972003B2689 /* ConnectionViewController.swift */ = {isa = PBXFileReference; lastKnownFileType = sourcecode.swift; path = ConnectionViewController.swift; sourceTree = "<group>"; };
		38EBB9552052CC2D002797A1 /* Main.storyboard */ = {isa = PBXFileReference; lastKnownFileType = file.storyboard; path = Main.storyboard; sourceTree = "<group>"; };
		38FE6BC62006898100809A06 /* Assets.xcassets */ = {isa = PBXFileReference; lastKnownFileType = folder.assetcatalog; path = Assets.xcassets; sourceTree = "<group>"; };
		38FE6BC82006898100809A06 /* Base */ = {isa = PBXFileReference; lastKnownFileType = file.storyboard; name = Base; path = Base.lproj/LaunchScreen.storyboard; sourceTree = "<group>"; };
		38FE6BC92006898100809A06 /* Info.plist */ = {isa = PBXFileReference; fileEncoding = 4; lastKnownFileType = text.plist.xml; path = Info.plist; sourceTree = "<group>"; };
		38FE6BCA2006898100809A06 /* AppDelegate.swift */ = {isa = PBXFileReference; fileEncoding = 4; lastKnownFileType = sourcecode.swift; path = AppDelegate.swift; sourceTree = "<group>"; };
		3A369633210F1C4E007C62F1 /* CoreBluetooth.framework */ = {isa = PBXFileReference; lastKnownFileType = wrapper.framework; name = CoreBluetooth.framework; path = Platforms/iPhoneOS.platform/Developer/SDKs/iPhoneOS11.4.sdk/System/Library/Frameworks/CoreBluetooth.framework; sourceTree = DEVELOPER_DIR; };
		3A369635210F1C57007C62F1 /* XCTest.framework */ = {isa = PBXFileReference; lastKnownFileType = wrapper.framework; name = XCTest.framework; path = Platforms/iPhoneOS.platform/Developer/Library/Frameworks/XCTest.framework; sourceTree = DEVELOPER_DIR; };
		92AD5AC825BE02EA00E0833D /* BlueSwift */ = {isa = PBXFileReference; lastKnownFileType = folder; name = BlueSwift; sourceTree = "<group>"; };
/* End PBXFileReference section */

/* Begin PBXFrameworksBuildPhase section */
		3837BA081FFFC2FE00DF300E /* Frameworks */ = {
			isa = PBXFrameworksBuildPhase;
			buildActionMask = 2147483647;
			files = (
				3837BA722003D26700DF300E /* .framework in Frameworks */,
			);
			runOnlyForDeploymentPostprocessing = 0;
		};
		3837BA2D1FFFC4CE00DF300E /* Frameworks */ = {
			isa = PBXFrameworksBuildPhase;
			buildActionMask = 2147483647;
			files = (
				3A369634210F1C4E007C62F1 /* CoreBluetooth.framework in Frameworks */,
			);
			runOnlyForDeploymentPostprocessing = 0;
		};
		3837BA361FFFC4CE00DF300E /* Frameworks */ = {
			isa = PBXFrameworksBuildPhase;
			buildActionMask = 2147483647;
			files = (
				3A369636210F1C57007C62F1 /* XCTest.framework in Frameworks */,
				3837BA3A1FFFC4CE00DF300E /* .framework in Frameworks */,
			);
			runOnlyForDeploymentPostprocessing = 0;
		};
/* End PBXFrameworksBuildPhase section */

/* Begin PBXGroup section */
		3837BA021FFFC2FE00DF300E = {
			isa = PBXGroup;
			children = (
				92AD5AC825BE02EA00E0833D /* BlueSwift */,
				38FE6BC32006898100809A06 /* Bluetooth */,
				3837BA0C1FFFC2FE00DF300E /* Products */,
				3A369632210F1C4D007C62F1 /* Frameworks */,
			);
			sourceTree = "<group>";
		};
		3837BA0C1FFFC2FE00DF300E /* Products */ = {
			isa = PBXGroup;
			children = (
				3837BA0B1FFFC2FE00DF300E /* .app */,
				3837BA311FFFC4CE00DF300E /* .framework */,
				3837BA391FFFC4CE00DF300E /* .xctest */,
			);
			name = Products;
			sourceTree = "<group>";
		};
		38FE6BC32006898100809A06 /* Bluetooth */ = {
			isa = PBXGroup;
			children = (
				38FE6BCA2006898100809A06 /* AppDelegate.swift */,
				385BDC15204FD961003B2689 /* AdvertisementViewController.swift */,
				385BDC18204FD972003B2689 /* ConnectionViewController.swift */,
				38FE6BC52006898100809A06 /* Supporting Files */,
			);
			path = Bluetooth;
			sourceTree = "<group>";
		};
		38FE6BC52006898100809A06 /* Supporting Files */ = {
			isa = PBXGroup;
			children = (
				38EBB9552052CC2D002797A1 /* Main.storyboard */,
				38FE6BC62006898100809A06 /* Assets.xcassets */,
				38FE6BC72006898100809A06 /* LaunchScreen.storyboard */,
				38FE6BC92006898100809A06 /* Info.plist */,
			);
			path = "Supporting Files";
			sourceTree = "<group>";
		};
		3A369632210F1C4D007C62F1 /* Frameworks */ = {
			isa = PBXGroup;
			children = (
				3A369635210F1C57007C62F1 /* XCTest.framework */,
				3A369633210F1C4E007C62F1 /* CoreBluetooth.framework */,
			);
			name = Frameworks;
			sourceTree = "<group>";
		};
/* End PBXGroup section */

/* Begin PBXHeadersBuildPhase section */
		3837BA2E1FFFC4CE00DF300E /* Headers */ = {
			isa = PBXHeadersBuildPhase;
			buildActionMask = 2147483647;
			files = (
			);
			runOnlyForDeploymentPostprocessing = 0;
		};
/* End PBXHeadersBuildPhase section */

/* Begin PBXNativeTarget section */
		3837BA0A1FFFC2FE00DF300E /* Sample */ = {
			isa = PBXNativeTarget;
			buildConfigurationList = 3837BA1D1FFFC2FE00DF300E /* Build configuration list for PBXNativeTarget "Sample" */;
			buildPhases = (
				3837BA071FFFC2FE00DF300E /* Sources */,
				3837BA081FFFC2FE00DF300E /* Frameworks */,
				3837BA091FFFC2FE00DF300E /* Resources */,
				3837BA762003D26700DF300E /* Embed Frameworks */,
			);
			buildRules = (
			);
			dependencies = (
				3837BA752003D26700DF300E /* PBXTargetDependency */,
			);
			name = Sample;
			productName = Bluetooth;
			productReference = 3837BA0B1FFFC2FE00DF300E /* .app */;
			productType = "com.apple.product-type.application";
		};
		3837BA301FFFC4CE00DF300E /* Bluetooth */ = {
			isa = PBXNativeTarget;
			buildConfigurationList = 3837BA421FFFC4CE00DF300E /* Build configuration list for PBXNativeTarget "Bluetooth" */;
			buildPhases = (
				3837BA2C1FFFC4CE00DF300E /* Sources */,
				3837BA2D1FFFC4CE00DF300E /* Frameworks */,
				3837BA2E1FFFC4CE00DF300E /* Headers */,
				3837BA2F1FFFC4CE00DF300E /* Resources */,
			);
			buildRules = (
			);
			dependencies = (
			);
			name = Bluetooth;
			productName = Framework;
			productReference = 3837BA311FFFC4CE00DF300E /* .framework */;
			productType = "com.apple.product-type.framework";
		};
		3837BA381FFFC4CE00DF300E /* FrameworkTests */ = {
			isa = PBXNativeTarget;
			buildConfigurationList = 3837BA451FFFC4CE00DF300E /* Build configuration list for PBXNativeTarget "FrameworkTests" */;
			buildPhases = (
				3837BA351FFFC4CE00DF300E /* Sources */,
				3837BA361FFFC4CE00DF300E /* Frameworks */,
				3837BA371FFFC4CE00DF300E /* Resources */,
			);
			buildRules = (
			);
			dependencies = (
				3837BA3C1FFFC4CE00DF300E /* PBXTargetDependency */,
				3837BA692003BA4400DF300E /* PBXTargetDependency */,
			);
			name = FrameworkTests;
			productName = FrameworkTests;
			productReference = 3837BA391FFFC4CE00DF300E /* .xctest */;
			productType = "com.apple.product-type.bundle.unit-test";
		};
/* End PBXNativeTarget section */

/* Begin PBXProject section */
		3837BA031FFFC2FE00DF300E /* Project object */ = {
			isa = PBXProject;
			attributes = {
				LastSwiftUpdateCheck = 0920;
				LastUpgradeCheck = 1230;
				ORGANIZATIONNAME = Netguru;
				TargetAttributes = {
					3837BA0A1FFFC2FE00DF300E = {
						CreatedOnToolsVersion = 9.2;
						ProvisioningStyle = Manual;
					};
					3837BA301FFFC4CE00DF300E = {
						CreatedOnToolsVersion = 9.2;
						ProvisioningStyle = Automatic;
					};
					3837BA381FFFC4CE00DF300E = {
						CreatedOnToolsVersion = 9.2;
						ProvisioningStyle = Automatic;
					};
				};
			};
			buildConfigurationList = 3837BA061FFFC2FE00DF300E /* Build configuration list for PBXProject "Bluetooth" */;
			compatibilityVersion = "Xcode 8.0";
			developmentRegion = en;
			hasScannedForEncodings = 0;
			knownRegions = (
				en,
				Base,
			);
			mainGroup = 3837BA021FFFC2FE00DF300E;
			productRefGroup = 3837BA0C1FFFC2FE00DF300E /* Products */;
			projectDirPath = "";
			projectRoot = "";
			targets = (
				3837BA0A1FFFC2FE00DF300E /* Sample */,
				3837BA301FFFC4CE00DF300E /* Bluetooth */,
				3837BA381FFFC4CE00DF300E /* FrameworkTests */,
			);
		};
/* End PBXProject section */

/* Begin PBXResourcesBuildPhase section */
		3837BA091FFFC2FE00DF300E /* Resources */ = {
			isa = PBXResourcesBuildPhase;
			buildActionMask = 2147483647;
			files = (
				38EBB9572052D0EF002797A1 /* Main.storyboard in Resources */,
				38FE6BE42006898F00809A06 /* Assets.xcassets in Resources */,
				38FE6BE52006899300809A06 /* LaunchScreen.storyboard in Resources */,
			);
			runOnlyForDeploymentPostprocessing = 0;
		};
		3837BA2F1FFFC4CE00DF300E /* Resources */ = {
			isa = PBXResourcesBuildPhase;
			buildActionMask = 2147483647;
			files = (
				92AD5AC925BE02EA00E0833D /* BlueSwift in Resources */,
			);
			runOnlyForDeploymentPostprocessing = 0;
		};
		3837BA371FFFC4CE00DF300E /* Resources */ = {
			isa = PBXResourcesBuildPhase;
			buildActionMask = 2147483647;
			files = (
			);
			runOnlyForDeploymentPostprocessing = 0;
		};
/* End PBXResourcesBuildPhase section */

/* Begin PBXSourcesBuildPhase section */
		3837BA071FFFC2FE00DF300E /* Sources */ = {
			isa = PBXSourcesBuildPhase;
			buildActionMask = 2147483647;
			files = (
				385BDC19204FD972003B2689 /* ConnectionViewController.swift in Sources */,
				38FE6BE22006898800809A06 /* AppDelegate.swift in Sources */,
				385BDC17204FD964003B2689 /* AdvertisementViewController.swift in Sources */,
			);
			runOnlyForDeploymentPostprocessing = 0;
		};
		3837BA2C1FFFC4CE00DF300E /* Sources */ = {
			isa = PBXSourcesBuildPhase;
			buildActionMask = 2147483647;
			files = (
			);
			runOnlyForDeploymentPostprocessing = 0;
		};
		3837BA351FFFC4CE00DF300E /* Sources */ = {
			isa = PBXSourcesBuildPhase;
			buildActionMask = 2147483647;
			files = (
			);
			runOnlyForDeploymentPostprocessing = 0;
		};
/* End PBXSourcesBuildPhase section */

/* Begin PBXTargetDependency section */
		3837BA3C1FFFC4CE00DF300E /* PBXTargetDependency */ = {
			isa = PBXTargetDependency;
			target = 3837BA301FFFC4CE00DF300E /* Bluetooth */;
			targetProxy = 3837BA3B1FFFC4CE00DF300E /* PBXContainerItemProxy */;
		};
		3837BA692003BA4400DF300E /* PBXTargetDependency */ = {
			isa = PBXTargetDependency;
			target = 3837BA0A1FFFC2FE00DF300E /* Sample */;
			targetProxy = 3837BA682003BA4400DF300E /* PBXContainerItemProxy */;
		};
		3837BA752003D26700DF300E /* PBXTargetDependency */ = {
			isa = PBXTargetDependency;
			target = 3837BA301FFFC4CE00DF300E /* Bluetooth */;
			targetProxy = 3837BA742003D26700DF300E /* PBXContainerItemProxy */;
		};
/* End PBXTargetDependency section */

/* Begin PBXVariantGroup section */
		38FE6BC72006898100809A06 /* LaunchScreen.storyboard */ = {
			isa = PBXVariantGroup;
			children = (
				38FE6BC82006898100809A06 /* Base */,
			);
			name = LaunchScreen.storyboard;
			sourceTree = "<group>";
		};
/* End PBXVariantGroup section */

/* Begin XCBuildConfiguration section */
		3837BA1B1FFFC2FE00DF300E /* Debug */ = {
			isa = XCBuildConfiguration;
			buildSettings = {
				CLANG_WARN_QUOTED_INCLUDE_IN_FRAMEWORK_HEADER = YES;
			};
			name = Debug;
		};
		3837BA1C1FFFC2FE00DF300E /* Release */ = {
			isa = XCBuildConfiguration;
			buildSettings = {
				CLANG_WARN_QUOTED_INCLUDE_IN_FRAMEWORK_HEADER = YES;
				SWIFT_COMPILATION_MODE = wholemodule;
			};
			name = Release;
		};
		3837BA1E1FFFC2FE00DF300E /* Debug */ = {
			isa = XCBuildConfiguration;
			buildSettings = {
				IPHONEOS_DEPLOYMENT_TARGET = 12.0;
			};
			name = Debug;
		};
		3837BA1F1FFFC2FE00DF300E /* Release */ = {
			isa = XCBuildConfiguration;
			buildSettings = {
				IPHONEOS_DEPLOYMENT_TARGET = 12.0;
			};
			name = Release;
		};
		3837BA431FFFC4CE00DF300E /* Debug */ = {
			isa = XCBuildConfiguration;
			buildSettings = {
				IPHONEOS_DEPLOYMENT_TARGET = 12.0;
			};
			name = Debug;
		};
		3837BA441FFFC4CE00DF300E /* Release */ = {
			isa = XCBuildConfiguration;
			buildSettings = {
				IPHONEOS_DEPLOYMENT_TARGET = 12.0;
			};
			name = Release;
		};
		3837BA461FFFC4CE00DF300E /* Debug */ = {
			isa = XCBuildConfiguration;
			buildSettings = {
				IPHONEOS_DEPLOYMENT_TARGET = 12.0;
			};
			name = Debug;
		};
		3837BA471FFFC4CE00DF300E /* Release */ = {
			isa = XCBuildConfiguration;
			buildSettings = {
				IPHONEOS_DEPLOYMENT_TARGET = 12.0;
			};
			name = Release;
		};
/* End XCBuildConfiguration section */

/* Begin XCConfigurationList section */
		3837BA061FFFC2FE00DF300E /* Build configuration list for PBXProject "Bluetooth" */ = {
			isa = XCConfigurationList;
			buildConfigurations = (
				3837BA1B1FFFC2FE00DF300E /* Debug */,
				3837BA1C1FFFC2FE00DF300E /* Release */,
			);
			defaultConfigurationIsVisible = 0;
			defaultConfigurationName = Debug;
		};
		3837BA1D1FFFC2FE00DF300E /* Build configuration list for PBXNativeTarget "Sample" */ = {
			isa = XCConfigurationList;
			buildConfigurations = (
				3837BA1E1FFFC2FE00DF300E /* Debug */,
				3837BA1F1FFFC2FE00DF300E /* Release */,
			);
			defaultConfigurationIsVisible = 0;
			defaultConfigurationName = Debug;
		};
		3837BA421FFFC4CE00DF300E /* Build configuration list for PBXNativeTarget "Bluetooth" */ = {
			isa = XCConfigurationList;
			buildConfigurations = (
				3837BA431FFFC4CE00DF300E /* Debug */,
				3837BA441FFFC4CE00DF300E /* Release */,
			);
			defaultConfigurationIsVisible = 0;
			defaultConfigurationName = Debug;
		};
		3837BA451FFFC4CE00DF300E /* Build configuration list for PBXNativeTarget "FrameworkTests" */ = {
			isa = XCConfigurationList;
			buildConfigurations = (
				3837BA461FFFC4CE00DF300E /* Debug */,
				3837BA471FFFC4CE00DF300E /* Release */,
			);
			defaultConfigurationIsVisible = 0;
			defaultConfigurationName = Debug;
		};
/* End XCConfigurationList section */
	};
	rootObject = 3837BA031FFFC2FE00DF300E /* Project object */;
}
